// !$*UTF8*$!
{
	archiveVersion = 1;
	classes = {
	};
	objectVersion = 54;
	objects = {

/* Begin PBXBuildFile section */
		00E356F31AD99517003FC87E /* ZanyengoTests.m in Sources */ = {isa = PBXBuildFile; fileRef = 00E356F21AD99517003FC87E /* ZanyengoTests.m */; };
		011848BC11A04007AD09B3AF /* NotoSans-SemiBold.ttf in Resources */ = {isa = PBXBuildFile; fileRef = 108781E20C734CEA91A5AEB3 /* NotoSans-SemiBold.ttf */; };
		05166EE3783E4D928AFEFE5B /* NotoSans-MediumItalic.ttf in Resources */ = {isa = PBXBuildFile; fileRef = 5F775DBA3A444036AD15917C /* NotoSans-MediumItalic.ttf */; };
		05CC5752AFB94C9DBBF18004 /* NotoSans-ExtraBold.ttf in Resources */ = {isa = PBXBuildFile; fileRef = 72714818FB824FB19C134B08 /* NotoSans-ExtraBold.ttf */; };
		130E756A3BEF4237A6F9A42B /* Rajdhani-Regular.ttf in Resources */ = {isa = PBXBuildFile; fileRef = 883387AA294C43649039CE66 /* Rajdhani-Regular.ttf */; };
		13B07FBC1A68108700A75B9A /* AppDelegate.mm in Sources */ = {isa = PBXBuildFile; fileRef = 13B07FB01A68108700A75B9A /* AppDelegate.mm */; };
		13B07FBF1A68108700A75B9A /* Images.xcassets in Resources */ = {isa = PBXBuildFile; fileRef = 13B07FB51A68108700A75B9A /* Images.xcassets */; };
		13B07FC11A68108700A75B9A /* main.m in Sources */ = {isa = PBXBuildFile; fileRef = 13B07FB71A68108700A75B9A /* main.m */; };
		17EE44E82E4A4F04ACD7B070 /* NotoSans-Thin.ttf in Resources */ = {isa = PBXBuildFile; fileRef = 2248493E52A449678C7743C9 /* NotoSans-Thin.ttf */; };
		18CD71AE36C643BA90BA36D8 /* NotoSans-ExtraLightItalic.ttf in Resources */ = {isa = PBXBuildFile; fileRef = 5F4F4DC713C64D148D68F541 /* NotoSans-ExtraLightItalic.ttf */; };
		310257AAE1F246E785EADDAA /* NotoSans-Black.ttf in Resources */ = {isa = PBXBuildFile; fileRef = 62E4403EBE7645318978F197 /* NotoSans-Black.ttf */; };
		3DAFB3716C5B4C3D9D99B17A /* NotoSans-ThinItalic.ttf in Resources */ = {isa = PBXBuildFile; fileRef = 9B42F4B5B2B64BC88CB47267 /* NotoSans-ThinItalic.ttf */; };
		3F9F0F2139C8452CAA7DAD5F /* NotoSans-ExtraLight.ttf in Resources */ = {isa = PBXBuildFile; fileRef = EFFB7BF76D9947E8BF1F4662 /* NotoSans-ExtraLight.ttf */; };
		4995BCB92BE90E1D0079F8E1 /* PrivacyInfo.xcprivacy in Resources */ = {isa = PBXBuildFile; fileRef = 4995BCB82BE90E1D0079F8E1 /* PrivacyInfo.xcprivacy */; };
		4995BCBD2BE90FD90079F8E1 /* RNBackgroundFetch+AppDelegate.m in Sources */ = {isa = PBXBuildFile; fileRef = 4995BCBC2BE90FD90079F8E1 /* RNBackgroundFetch+AppDelegate.m */; };
		517C0F89147242A0AED447B3 /* Rajdhani-Bold.ttf in Resources */ = {isa = PBXBuildFile; fileRef = A5ADDC40F3474835956AECB9 /* Rajdhani-Bold.ttf */; };
		5775F21020EE412A83B6EC8D /* NotoSans-BlackItalic.ttf in Resources */ = {isa = PBXBuildFile; fileRef = 8F4776916E0C4F18983EF809 /* NotoSans-BlackItalic.ttf */; };
		651D6B46D05A43BF8E278A84 /* NotoSans-Light.ttf in Resources */ = {isa = PBXBuildFile; fileRef = EE7CA39369EC47E89D930957 /* NotoSans-Light.ttf */; };
		6D2C46C7254A9E5E87B16A4F /* libPods-Zanyengo-ZanyengoTests.a in Frameworks */ = {isa = PBXBuildFile; fileRef = 62E30A53A74669DEE17855A3 /* libPods-Zanyengo-ZanyengoTests.a */; };
		7B690DAD87804E8FBBF4CBCB /* NotoSans-SemiBoldItalic.ttf in Resources */ = {isa = PBXBuildFile; fileRef = 5BB95BE2F5204EEF98D939D3 /* NotoSans-SemiBoldItalic.ttf */; };
		7DF9FFBA4C104513B4B9E8CC /* Rajdhani-Light.ttf in Resources */ = {isa = PBXBuildFile; fileRef = 7A4419ADA77B4A94B8FF2CAE /* Rajdhani-Light.ttf */; };
		81AB9BB82411601600AC10FF /* LaunchScreen.storyboard in Resources */ = {isa = PBXBuildFile; fileRef = 81AB9BB72411601600AC10FF /* LaunchScreen.storyboard */; };
		852EF3E55DC5443189CAE1CF /* NotoSans-LightItalic.ttf in Resources */ = {isa = PBXBuildFile; fileRef = DC99D4D290DF4DD0924A423C /* NotoSans-LightItalic.ttf */; };
		8BFF3D846A4B4D758314E854 /* Rajdhani-Medium.ttf in Resources */ = {isa = PBXBuildFile; fileRef = 36953A278EFA46BBAA1F990A /* Rajdhani-Medium.ttf */; };
		AF832DB80D2019F32A212038 /* libPods-Zanyengo.a in Frameworks */ = {isa = PBXBuildFile; fileRef = 82C2CF9EAC287A759C5434BA /* libPods-Zanyengo.a */; };
		B2195548BCEF4234A35A5DA1 /* Rajdhani-SemiBold.ttf in Resources */ = {isa = PBXBuildFile; fileRef = BDA17CD92B524F68A09B2E2B /* Rajdhani-SemiBold.ttf */; };
		C5F4E1215A834CCDB2BB91F3 /* NotoSans-Regular.ttf in Resources */ = {isa = PBXBuildFile; fileRef = E561E9EDED2C40B19E65C2DB /* NotoSans-Regular.ttf */; };
		CC3E607E6D8A46899C8E36DF /* NotoSans-Italic.ttf in Resources */ = {isa = PBXBuildFile; fileRef = 6D4B1E0971D947F0B60A5B01 /* NotoSans-Italic.ttf */; };
		CF5EBED6121541289C5E73EF /* NotoSans-Bold.ttf in Resources */ = {isa = PBXBuildFile; fileRef = EF4DD851620F4298A9026002 /* NotoSans-Bold.ttf */; };
		D00F11CCAD5743A49DE52622 /* NotoSans-ExtraBoldItalic.ttf in Resources */ = {isa = PBXBuildFile; fileRef = 00E937086690480EA9627A02 /* NotoSans-ExtraBoldItalic.ttf */; };
		D0346AA4B1A54714B2F3CE38 /* NotoSans-BoldItalic.ttf in Resources */ = {isa = PBXBuildFile; fileRef = 2F5E00DF66584015844229A7 /* NotoSans-BoldItalic.ttf */; };
		D8D41D0E98984B39A180DA2C /* NotoSans-Medium.ttf in Resources */ = {isa = PBXBuildFile; fileRef = 4443FB07E16E43DCB0CC72D8 /* NotoSans-Medium.ttf */; };
		E6195E8A2E9DFDC6A517AA1D /* ExpoModulesProvider.swift in Sources */ = {isa = PBXBuildFile; fileRef = 6B2E8AEABE48FDF02D77D28D /* ExpoModulesProvider.swift */; };
/* End PBXBuildFile section */

/* Begin PBXContainerItemProxy section */
		00E356F41AD99517003FC87E /* PBXContainerItemProxy */ = {
			isa = PBXContainerItemProxy;
			containerPortal = 83CBB9F71A601CBA00E9B192 /* Project object */;
			proxyType = 1;
			remoteGlobalIDString = 13B07F861A680F5B00A75B9A;
			remoteInfo = Zanyengo;
		};
/* End PBXContainerItemProxy section */

/* Begin PBXFileReference section */
		00E356EE1AD99517003FC87E /* ZanyengoTests.xctest */ = {isa = PBXFileReference; explicitFileType = wrapper.cfbundle; includeInIndex = 0; path = ZanyengoTests.xctest; sourceTree = BUILT_PRODUCTS_DIR; };
		00E356F11AD99517003FC87E /* Info.plist */ = {isa = PBXFileReference; lastKnownFileType = text.plist.xml; path = Info.plist; sourceTree = "<group>"; };
		00E356F21AD99517003FC87E /* ZanyengoTests.m */ = {isa = PBXFileReference; lastKnownFileType = sourcecode.c.objc; path = ZanyengoTests.m; sourceTree = "<group>"; };
		00E937086690480EA9627A02 /* NotoSans-ExtraBoldItalic.ttf */ = {isa = PBXFileReference; explicitFileType = undefined; fileEncoding = 9; includeInIndex = 0; lastKnownFileType = unknown; name = "NotoSans-ExtraBoldItalic.ttf"; path = "../assets/fonts/NotoSans-ExtraBoldItalic.ttf"; sourceTree = "<group>"; };
		108781E20C734CEA91A5AEB3 /* NotoSans-SemiBold.ttf */ = {isa = PBXFileReference; explicitFileType = undefined; fileEncoding = 9; includeInIndex = 0; lastKnownFileType = unknown; name = "NotoSans-SemiBold.ttf"; path = "../assets/fonts/NotoSans-SemiBold.ttf"; sourceTree = "<group>"; };
		13B07F961A680F5B00A75B9A /* Zanyengo.app */ = {isa = PBXFileReference; explicitFileType = wrapper.application; includeInIndex = 0; path = Zanyengo.app; sourceTree = BUILT_PRODUCTS_DIR; };
		13B07FAF1A68108700A75B9A /* AppDelegate.h */ = {isa = PBXFileReference; fileEncoding = 4; lastKnownFileType = sourcecode.c.h; name = AppDelegate.h; path = Zanyengo/AppDelegate.h; sourceTree = "<group>"; };
		13B07FB01A68108700A75B9A /* AppDelegate.mm */ = {isa = PBXFileReference; fileEncoding = 4; lastKnownFileType = sourcecode.cpp.objcpp; name = AppDelegate.mm; path = Zanyengo/AppDelegate.mm; sourceTree = "<group>"; };
		13B07FB51A68108700A75B9A /* Images.xcassets */ = {isa = PBXFileReference; lastKnownFileType = folder.assetcatalog; name = Images.xcassets; path = Zanyengo/Images.xcassets; sourceTree = "<group>"; };
		13B07FB61A68108700A75B9A /* Info.plist */ = {isa = PBXFileReference; fileEncoding = 4; lastKnownFileType = text.plist.xml; name = Info.plist; path = Zanyengo/Info.plist; sourceTree = "<group>"; };
		13B07FB71A68108700A75B9A /* main.m */ = {isa = PBXFileReference; fileEncoding = 4; lastKnownFileType = sourcecode.c.objc; name = main.m; path = Zanyengo/main.m; sourceTree = "<group>"; };
		2248493E52A449678C7743C9 /* NotoSans-Thin.ttf */ = {isa = PBXFileReference; explicitFileType = undefined; fileEncoding = 9; includeInIndex = 0; lastKnownFileType = unknown; name = "NotoSans-Thin.ttf"; path = "../assets/fonts/NotoSans-Thin.ttf"; sourceTree = "<group>"; };
		29A3004665846D9569173CDE /* Pods-Zanyengo-ZanyengoTests.release.xcconfig */ = {isa = PBXFileReference; includeInIndex = 1; lastKnownFileType = text.xcconfig; name = "Pods-Zanyengo-ZanyengoTests.release.xcconfig"; path = "Target Support Files/Pods-Zanyengo-ZanyengoTests/Pods-Zanyengo-ZanyengoTests.release.xcconfig"; sourceTree = "<group>"; };
		2F5E00DF66584015844229A7 /* NotoSans-BoldItalic.ttf */ = {isa = PBXFileReference; explicitFileType = undefined; fileEncoding = 9; includeInIndex = 0; lastKnownFileType = unknown; name = "NotoSans-BoldItalic.ttf"; path = "../assets/fonts/NotoSans-BoldItalic.ttf"; sourceTree = "<group>"; };
		36953A278EFA46BBAA1F990A /* Rajdhani-Medium.ttf */ = {isa = PBXFileReference; explicitFileType = undefined; fileEncoding = 9; includeInIndex = 0; lastKnownFileType = unknown; name = "Rajdhani-Medium.ttf"; path = "../assets/fonts/Rajdhani-Medium.ttf"; sourceTree = "<group>"; };
		4443FB07E16E43DCB0CC72D8 /* NotoSans-Medium.ttf */ = {isa = PBXFileReference; explicitFileType = undefined; fileEncoding = 9; includeInIndex = 0; lastKnownFileType = unknown; name = "NotoSans-Medium.ttf"; path = "../assets/fonts/NotoSans-Medium.ttf"; sourceTree = "<group>"; };
		4995BCB82BE90E1D0079F8E1 /* PrivacyInfo.xcprivacy */ = {isa = PBXFileReference; lastKnownFileType = text.xml; path = PrivacyInfo.xcprivacy; sourceTree = "<group>"; };
		4995BCBC2BE90FD90079F8E1 /* RNBackgroundFetch+AppDelegate.m */ = {isa = PBXFileReference; fileEncoding = 4; lastKnownFileType = sourcecode.c.objc; name = "RNBackgroundFetch+AppDelegate.m"; path = "../node_modules/react-native-background-fetch/ios/RNBackgroundFetch/RNBackgroundFetch+AppDelegate.m"; sourceTree = "<group>"; };
		4C2B1DE78AF91B4D43564456 /* ExpoModulesProvider.swift */ = {isa = PBXFileReference; includeInIndex = 1; lastKnownFileType = sourcecode.swift; name = ExpoModulesProvider.swift; path = "Pods/Target Support Files/Pods-Zanyengo/ExpoModulesProvider.swift"; sourceTree = "<group>"; };
		5BB95BE2F5204EEF98D939D3 /* NotoSans-SemiBoldItalic.ttf */ = {isa = PBXFileReference; explicitFileType = undefined; fileEncoding = 9; includeInIndex = 0; lastKnownFileType = unknown; name = "NotoSans-SemiBoldItalic.ttf"; path = "../assets/fonts/NotoSans-SemiBoldItalic.ttf"; sourceTree = "<group>"; };
		5F4F4DC713C64D148D68F541 /* NotoSans-ExtraLightItalic.ttf */ = {isa = PBXFileReference; explicitFileType = undefined; fileEncoding = 9; includeInIndex = 0; lastKnownFileType = unknown; name = "NotoSans-ExtraLightItalic.ttf"; path = "../assets/fonts/NotoSans-ExtraLightItalic.ttf"; sourceTree = "<group>"; };
		5F775DBA3A444036AD15917C /* NotoSans-MediumItalic.ttf */ = {isa = PBXFileReference; explicitFileType = undefined; fileEncoding = 9; includeInIndex = 0; lastKnownFileType = unknown; name = "NotoSans-MediumItalic.ttf"; path = "../assets/fonts/NotoSans-MediumItalic.ttf"; sourceTree = "<group>"; };
		62E30A53A74669DEE17855A3 /* libPods-Zanyengo-ZanyengoTests.a */ = {isa = PBXFileReference; explicitFileType = archive.ar; includeInIndex = 0; path = "libPods-Zanyengo-ZanyengoTests.a"; sourceTree = BUILT_PRODUCTS_DIR; };
		62E4403EBE7645318978F197 /* NotoSans-Black.ttf */ = {isa = PBXFileReference; explicitFileType = undefined; fileEncoding = 9; includeInIndex = 0; lastKnownFileType = unknown; name = "NotoSans-Black.ttf"; path = "../assets/fonts/NotoSans-Black.ttf"; sourceTree = "<group>"; };
		6566EB8B2AE651210031587B /* MaterialIcons.ttf */ = {isa = PBXFileReference; lastKnownFileType = file; name = MaterialIcons.ttf; path = "../node_modules/react-native-vector-icons/Fonts/MaterialIcons.ttf"; sourceTree = "<group>"; };
		6566EB962AE651220031587B /* MaterialCommunityIcons.ttf */ = {isa = PBXFileReference; lastKnownFileType = file; name = MaterialCommunityIcons.ttf; path = "../node_modules/react-native-vector-icons/Fonts/MaterialCommunityIcons.ttf"; sourceTree = "<group>"; };
		6B2E8AEABE48FDF02D77D28D /* ExpoModulesProvider.swift */ = {isa = PBXFileReference; includeInIndex = 1; lastKnownFileType = sourcecode.swift; name = ExpoModulesProvider.swift; path = "Pods/Target Support Files/Pods-Zanyengo-ZanyengoTests/ExpoModulesProvider.swift"; sourceTree = "<group>"; };
		6D4B1E0971D947F0B60A5B01 /* NotoSans-Italic.ttf */ = {isa = PBXFileReference; explicitFileType = undefined; fileEncoding = 9; includeInIndex = 0; lastKnownFileType = unknown; name = "NotoSans-Italic.ttf"; path = "../assets/fonts/NotoSans-Italic.ttf"; sourceTree = "<group>"; };
		7155148C2A36EE3A7D07C360 /* Pods-Zanyengo.release.xcconfig */ = {isa = PBXFileReference; includeInIndex = 1; lastKnownFileType = text.xcconfig; name = "Pods-Zanyengo.release.xcconfig"; path = "Target Support Files/Pods-Zanyengo/Pods-Zanyengo.release.xcconfig"; sourceTree = "<group>"; };
		72714818FB824FB19C134B08 /* NotoSans-ExtraBold.ttf */ = {isa = PBXFileReference; explicitFileType = undefined; fileEncoding = 9; includeInIndex = 0; lastKnownFileType = unknown; name = "NotoSans-ExtraBold.ttf"; path = "../assets/fonts/NotoSans-ExtraBold.ttf"; sourceTree = "<group>"; };
		7A4419ADA77B4A94B8FF2CAE /* Rajdhani-Light.ttf */ = {isa = PBXFileReference; explicitFileType = undefined; fileEncoding = 9; includeInIndex = 0; lastKnownFileType = unknown; name = "Rajdhani-Light.ttf"; path = "../assets/fonts/Rajdhani-Light.ttf"; sourceTree = "<group>"; };
		81AB9BB72411601600AC10FF /* LaunchScreen.storyboard */ = {isa = PBXFileReference; fileEncoding = 4; lastKnownFileType = file.storyboard; name = LaunchScreen.storyboard; path = Zanyengo/LaunchScreen.storyboard; sourceTree = "<group>"; };
		82C2CF9EAC287A759C5434BA /* libPods-Zanyengo.a */ = {isa = PBXFileReference; explicitFileType = archive.ar; includeInIndex = 0; path = "libPods-Zanyengo.a"; sourceTree = BUILT_PRODUCTS_DIR; };
		883387AA294C43649039CE66 /* Rajdhani-Regular.ttf */ = {isa = PBXFileReference; explicitFileType = undefined; fileEncoding = 9; includeInIndex = 0; lastKnownFileType = unknown; name = "Rajdhani-Regular.ttf"; path = "../assets/fonts/Rajdhani-Regular.ttf"; sourceTree = "<group>"; };
		8F4776916E0C4F18983EF809 /* NotoSans-BlackItalic.ttf */ = {isa = PBXFileReference; explicitFileType = undefined; fileEncoding = 9; includeInIndex = 0; lastKnownFileType = unknown; name = "NotoSans-BlackItalic.ttf"; path = "../assets/fonts/NotoSans-BlackItalic.ttf"; sourceTree = "<group>"; };
		9B42F4B5B2B64BC88CB47267 /* NotoSans-ThinItalic.ttf */ = {isa = PBXFileReference; explicitFileType = undefined; fileEncoding = 9; includeInIndex = 0; lastKnownFileType = unknown; name = "NotoSans-ThinItalic.ttf"; path = "../assets/fonts/NotoSans-ThinItalic.ttf"; sourceTree = "<group>"; };
		A51F4E392835F087AA8E2872 /* Pods-Zanyengo-ZanyengoTests.debug.xcconfig */ = {isa = PBXFileReference; includeInIndex = 1; lastKnownFileType = text.xcconfig; name = "Pods-Zanyengo-ZanyengoTests.debug.xcconfig"; path = "Target Support Files/Pods-Zanyengo-ZanyengoTests/Pods-Zanyengo-ZanyengoTests.debug.xcconfig"; sourceTree = "<group>"; };
		A5ADDC40F3474835956AECB9 /* Rajdhani-Bold.ttf */ = {isa = PBXFileReference; explicitFileType = undefined; fileEncoding = 9; includeInIndex = 0; lastKnownFileType = unknown; name = "Rajdhani-Bold.ttf"; path = "../assets/fonts/Rajdhani-Bold.ttf"; sourceTree = "<group>"; };
		AE29722ABB6256D94DFD7AEB /* Pods-Zanyengo.debug.xcconfig */ = {isa = PBXFileReference; includeInIndex = 1; lastKnownFileType = text.xcconfig; name = "Pods-Zanyengo.debug.xcconfig"; path = "Target Support Files/Pods-Zanyengo/Pods-Zanyengo.debug.xcconfig"; sourceTree = "<group>"; };
		BDA17CD92B524F68A09B2E2B /* Rajdhani-SemiBold.ttf */ = {isa = PBXFileReference; explicitFileType = undefined; fileEncoding = 9; includeInIndex = 0; lastKnownFileType = unknown; name = "Rajdhani-SemiBold.ttf"; path = "../assets/fonts/Rajdhani-SemiBold.ttf"; sourceTree = "<group>"; };
		DC99D4D290DF4DD0924A423C /* NotoSans-LightItalic.ttf */ = {isa = PBXFileReference; explicitFileType = undefined; fileEncoding = 9; includeInIndex = 0; lastKnownFileType = unknown; name = "NotoSans-LightItalic.ttf"; path = "../assets/fonts/NotoSans-LightItalic.ttf"; sourceTree = "<group>"; };
		E561E9EDED2C40B19E65C2DB /* NotoSans-Regular.ttf */ = {isa = PBXFileReference; explicitFileType = undefined; fileEncoding = 9; includeInIndex = 0; lastKnownFileType = unknown; name = "NotoSans-Regular.ttf"; path = "../assets/fonts/NotoSans-Regular.ttf"; sourceTree = "<group>"; };
		ED297162215061F000B7C4FE /* JavaScriptCore.framework */ = {isa = PBXFileReference; lastKnownFileType = wrapper.framework; name = JavaScriptCore.framework; path = System/Library/Frameworks/JavaScriptCore.framework; sourceTree = SDKROOT; };
		EE7CA39369EC47E89D930957 /* NotoSans-Light.ttf */ = {isa = PBXFileReference; explicitFileType = undefined; fileEncoding = 9; includeInIndex = 0; lastKnownFileType = unknown; name = "NotoSans-Light.ttf"; path = "../assets/fonts/NotoSans-Light.ttf"; sourceTree = "<group>"; };
		EF4DD851620F4298A9026002 /* NotoSans-Bold.ttf */ = {isa = PBXFileReference; explicitFileType = undefined; fileEncoding = 9; includeInIndex = 0; lastKnownFileType = unknown; name = "NotoSans-Bold.ttf"; path = "../assets/fonts/NotoSans-Bold.ttf"; sourceTree = "<group>"; };
		EFFB7BF76D9947E8BF1F4662 /* NotoSans-ExtraLight.ttf */ = {isa = PBXFileReference; explicitFileType = undefined; fileEncoding = 9; includeInIndex = 0; lastKnownFileType = unknown; name = "NotoSans-ExtraLight.ttf"; path = "../assets/fonts/NotoSans-ExtraLight.ttf"; sourceTree = "<group>"; };
/* End PBXFileReference section */

/* Begin PBXFrameworksBuildPhase section */
		00E356EB1AD99517003FC87E /* Frameworks */ = {
			isa = PBXFrameworksBuildPhase;
			buildActionMask = 2147483647;
			files = (
				6D2C46C7254A9E5E87B16A4F /* libPods-Zanyengo-ZanyengoTests.a in Frameworks */,
			);
			runOnlyForDeploymentPostprocessing = 0;
		};
		13B07F8C1A680F5B00A75B9A /* Frameworks */ = {
			isa = PBXFrameworksBuildPhase;
			buildActionMask = 2147483647;
			files = (
				AF832DB80D2019F32A212038 /* libPods-Zanyengo.a in Frameworks */,
			);
			runOnlyForDeploymentPostprocessing = 0;
		};
/* End PBXFrameworksBuildPhase section */

/* Begin PBXGroup section */
		00E356EF1AD99517003FC87E /* ZanyengoTests */ = {
			isa = PBXGroup;
			children = (
				00E356F21AD99517003FC87E /* ZanyengoTests.m */,
				00E356F01AD99517003FC87E /* Supporting Files */,
			);
			path = ZanyengoTests;
			sourceTree = "<group>";
		};
		00E356F01AD99517003FC87E /* Supporting Files */ = {
			isa = PBXGroup;
			children = (
				00E356F11AD99517003FC87E /* Info.plist */,
			);
			name = "Supporting Files";
			sourceTree = "<group>";
		};
		13B07FAE1A68108700A75B9A /* Zanyengo */ = {
			isa = PBXGroup;
			children = (
				4995BCBC2BE90FD90079F8E1 /* RNBackgroundFetch+AppDelegate.m */,
				6566EB872AE650CA0031587B /* Fonts */,
				13B07FAF1A68108700A75B9A /* AppDelegate.h */,
				13B07FB01A68108700A75B9A /* AppDelegate.mm */,
				13B07FB51A68108700A75B9A /* Images.xcassets */,
				13B07FB61A68108700A75B9A /* Info.plist */,
				81AB9BB72411601600AC10FF /* LaunchScreen.storyboard */,
				13B07FB71A68108700A75B9A /* main.m */,
			);
			name = Zanyengo;
			sourceTree = "<group>";
		};
		2D16E6871FA4F8E400B85C8A /* Frameworks */ = {
			isa = PBXGroup;
			children = (
				ED297162215061F000B7C4FE /* JavaScriptCore.framework */,
				82C2CF9EAC287A759C5434BA /* libPods-Zanyengo.a */,
				62E30A53A74669DEE17855A3 /* libPods-Zanyengo-ZanyengoTests.a */,
			);
			name = Frameworks;
			sourceTree = "<group>";
		};
		44D62BE3B2A20FE6EEDF240C /* Zanyengo */ = {
			isa = PBXGroup;
			children = (
				4C2B1DE78AF91B4D43564456 /* ExpoModulesProvider.swift */,
			);
			name = Zanyengo;
			sourceTree = "<group>";
		};
		463E4DC87F81C76ECB27C98E /* ZanyengoTests */ = {
			isa = PBXGroup;
			children = (
				6B2E8AEABE48FDF02D77D28D /* ExpoModulesProvider.swift */,
			);
			name = ZanyengoTests;
			sourceTree = "<group>";
		};
		6566EB872AE650CA0031587B /* Fonts */ = {
			isa = PBXGroup;
			children = (
				6566EB962AE651220031587B /* MaterialCommunityIcons.ttf */,
				6566EB8B2AE651210031587B /* MaterialIcons.ttf */,
			);
			name = Fonts;
			sourceTree = "<group>";
		};
		828B768081137B39C79C6F38 /* ExpoModulesProviders */ = {
			isa = PBXGroup;
			children = (
				44D62BE3B2A20FE6EEDF240C /* Zanyengo */,
				463E4DC87F81C76ECB27C98E /* ZanyengoTests */,
			);
			name = ExpoModulesProviders;
			sourceTree = "<group>";
		};
		832341AE1AAA6A7D00B99B32 /* Libraries */ = {
			isa = PBXGroup;
			children = (
			);
			name = Libraries;
			sourceTree = "<group>";
		};
		83CBB9F61A601CBA00E9B192 = {
			isa = PBXGroup;
			children = (
				4995BCB82BE90E1D0079F8E1 /* PrivacyInfo.xcprivacy */,
				13B07FAE1A68108700A75B9A /* Zanyengo */,
				832341AE1AAA6A7D00B99B32 /* Libraries */,
				00E356EF1AD99517003FC87E /* ZanyengoTests */,
				83CBBA001A601CBA00E9B192 /* Products */,
				2D16E6871FA4F8E400B85C8A /* Frameworks */,
				BBD78D7AC51CEA395F1C20DB /* Pods */,
				828B768081137B39C79C6F38 /* ExpoModulesProviders */,
				C840D0D068104C4FAB267B07 /* Resources */,
			);
			indentWidth = 2;
			sourceTree = "<group>";
			tabWidth = 2;
			usesTabs = 0;
		};
		83CBBA001A601CBA00E9B192 /* Products */ = {
			isa = PBXGroup;
			children = (
				13B07F961A680F5B00A75B9A /* Zanyengo.app */,
				00E356EE1AD99517003FC87E /* ZanyengoTests.xctest */,
			);
			name = Products;
			sourceTree = "<group>";
		};
		BBD78D7AC51CEA395F1C20DB /* Pods */ = {
			isa = PBXGroup;
			children = (
				AE29722ABB6256D94DFD7AEB /* Pods-Zanyengo.debug.xcconfig */,
				7155148C2A36EE3A7D07C360 /* Pods-Zanyengo.release.xcconfig */,
				A51F4E392835F087AA8E2872 /* Pods-Zanyengo-ZanyengoTests.debug.xcconfig */,
				29A3004665846D9569173CDE /* Pods-Zanyengo-ZanyengoTests.release.xcconfig */,
			);
			path = Pods;
			sourceTree = "<group>";
		};
		C840D0D068104C4FAB267B07 /* Resources */ = {
			isa = PBXGroup;
			children = (
				62E4403EBE7645318978F197 /* NotoSans-Black.ttf */,
				8F4776916E0C4F18983EF809 /* NotoSans-BlackItalic.ttf */,
				EF4DD851620F4298A9026002 /* NotoSans-Bold.ttf */,
				2F5E00DF66584015844229A7 /* NotoSans-BoldItalic.ttf */,
				72714818FB824FB19C134B08 /* NotoSans-ExtraBold.ttf */,
				00E937086690480EA9627A02 /* NotoSans-ExtraBoldItalic.ttf */,
				EFFB7BF76D9947E8BF1F4662 /* NotoSans-ExtraLight.ttf */,
				5F4F4DC713C64D148D68F541 /* NotoSans-ExtraLightItalic.ttf */,
				6D4B1E0971D947F0B60A5B01 /* NotoSans-Italic.ttf */,
				EE7CA39369EC47E89D930957 /* NotoSans-Light.ttf */,
				DC99D4D290DF4DD0924A423C /* NotoSans-LightItalic.ttf */,
				4443FB07E16E43DCB0CC72D8 /* NotoSans-Medium.ttf */,
				5F775DBA3A444036AD15917C /* NotoSans-MediumItalic.ttf */,
				E561E9EDED2C40B19E65C2DB /* NotoSans-Regular.ttf */,
				108781E20C734CEA91A5AEB3 /* NotoSans-SemiBold.ttf */,
				5BB95BE2F5204EEF98D939D3 /* NotoSans-SemiBoldItalic.ttf */,
				2248493E52A449678C7743C9 /* NotoSans-Thin.ttf */,
				9B42F4B5B2B64BC88CB47267 /* NotoSans-ThinItalic.ttf */,
				A5ADDC40F3474835956AECB9 /* Rajdhani-Bold.ttf */,
				7A4419ADA77B4A94B8FF2CAE /* Rajdhani-Light.ttf */,
				36953A278EFA46BBAA1F990A /* Rajdhani-Medium.ttf */,
				883387AA294C43649039CE66 /* Rajdhani-Regular.ttf */,
				BDA17CD92B524F68A09B2E2B /* Rajdhani-SemiBold.ttf */,
			);
			name = Resources;
			sourceTree = "<group>";
		};
/* End PBXGroup section */

/* Begin PBXNativeTarget section */
		00E356ED1AD99517003FC87E /* ZanyengoTests */ = {
			isa = PBXNativeTarget;
			buildConfigurationList = 00E357021AD99517003FC87E /* Build configuration list for PBXNativeTarget "ZanyengoTests" */;
			buildPhases = (
				76CA42B44A2A106779E94597 /* [CP] Check Pods Manifest.lock */,
				00E356EA1AD99517003FC87E /* Sources */,
				00E356EB1AD99517003FC87E /* Frameworks */,
				00E356EC1AD99517003FC87E /* Resources */,
				CC624A2DB6AF81377480A85A /* [CP] Copy Pods Resources */,
				2F0411D0CB05EB3FA215D21D /* [CP] Embed Pods Frameworks */,
			);
			buildRules = (
			);
			dependencies = (
				00E356F51AD99517003FC87E /* PBXTargetDependency */,
			);
			name = ZanyengoTests;
			productName = ZanyengoTests;
			productReference = 00E356EE1AD99517003FC87E /* ZanyengoTests.xctest */;
			productType = "com.apple.product-type.bundle.unit-test";
		};
		13B07F861A680F5B00A75B9A /* Zanyengo */ = {
			isa = PBXNativeTarget;
			buildConfigurationList = 13B07F931A680F5B00A75B9A /* Build configuration list for PBXNativeTarget "Zanyengo" */;
			buildPhases = (
				4FEED309661F818F7C53D41C /* [CP] Check Pods Manifest.lock */,
				FD10A7F022414F080027D42C /* Start Packager */,
				13B07F871A680F5B00A75B9A /* Sources */,
				13B07F8C1A680F5B00A75B9A /* Frameworks */,
				13B07F8E1A680F5B00A75B9A /* Resources */,
				00DD1BFF1BD5951E006B06BC /* Bundle React Native code and images */,
				EB5098798022298B237C8D3A /* [CP] Copy Pods Resources */,
				489E0CFEAB963E5A26BFBAD2 /* [CP] Embed Pods Frameworks */,
			);
			buildRules = (
			);
			dependencies = (
			);
			name = Zanyengo;
			productName = Zanyengo;
			productReference = 13B07F961A680F5B00A75B9A /* Zanyengo.app */;
			productType = "com.apple.product-type.application";
		};
/* End PBXNativeTarget section */

/* Begin PBXProject section */
		83CBB9F71A601CBA00E9B192 /* Project object */ = {
			isa = PBXProject;
			attributes = {
				BuildIndependentTargetsInParallel = YES;
				LastUpgradeCheck = 1500;
				TargetAttributes = {
					00E356ED1AD99517003FC87E = {
						CreatedOnToolsVersion = 6.2;
						TestTargetID = 13B07F861A680F5B00A75B9A;
					};
					13B07F861A680F5B00A75B9A = {
						LastSwiftMigration = 1120;
					};
				};
			};
			buildConfigurationList = 83CBB9FA1A601CBA00E9B192 /* Build configuration list for PBXProject "Zanyengo" */;
			compatibilityVersion = "Xcode 12.0";
			developmentRegion = en;
			hasScannedForEncodings = 0;
			knownRegions = (
				en,
				Base,
			);
			mainGroup = 83CBB9F61A601CBA00E9B192;
			productRefGroup = 83CBBA001A601CBA00E9B192 /* Products */;
			projectDirPath = "";
			projectRoot = "";
			targets = (
				13B07F861A680F5B00A75B9A /* Zanyengo */,
				00E356ED1AD99517003FC87E /* ZanyengoTests */,
			);
		};
/* End PBXProject section */

/* Begin PBXResourcesBuildPhase section */
		00E356EC1AD99517003FC87E /* Resources */ = {
			isa = PBXResourcesBuildPhase;
			buildActionMask = 2147483647;
			files = (
			);
			runOnlyForDeploymentPostprocessing = 0;
		};
		13B07F8E1A680F5B00A75B9A /* Resources */ = {
			isa = PBXResourcesBuildPhase;
			buildActionMask = 2147483647;
			files = (
				81AB9BB82411601600AC10FF /* LaunchScreen.storyboard in Resources */,
				13B07FBF1A68108700A75B9A /* Images.xcassets in Resources */,
				310257AAE1F246E785EADDAA /* NotoSans-Black.ttf in Resources */,
				5775F21020EE412A83B6EC8D /* NotoSans-BlackItalic.ttf in Resources */,
				CF5EBED6121541289C5E73EF /* NotoSans-Bold.ttf in Resources */,
				D0346AA4B1A54714B2F3CE38 /* NotoSans-BoldItalic.ttf in Resources */,
				05CC5752AFB94C9DBBF18004 /* NotoSans-ExtraBold.ttf in Resources */,
				D00F11CCAD5743A49DE52622 /* NotoSans-ExtraBoldItalic.ttf in Resources */,
				3F9F0F2139C8452CAA7DAD5F /* NotoSans-ExtraLight.ttf in Resources */,
				18CD71AE36C643BA90BA36D8 /* NotoSans-ExtraLightItalic.ttf in Resources */,
				CC3E607E6D8A46899C8E36DF /* NotoSans-Italic.ttf in Resources */,
				651D6B46D05A43BF8E278A84 /* NotoSans-Light.ttf in Resources */,
				852EF3E55DC5443189CAE1CF /* NotoSans-LightItalic.ttf in Resources */,
				D8D41D0E98984B39A180DA2C /* NotoSans-Medium.ttf in Resources */,
				05166EE3783E4D928AFEFE5B /* NotoSans-MediumItalic.ttf in Resources */,
				C5F4E1215A834CCDB2BB91F3 /* NotoSans-Regular.ttf in Resources */,
				4995BCB92BE90E1D0079F8E1 /* PrivacyInfo.xcprivacy in Resources */,
				011848BC11A04007AD09B3AF /* NotoSans-SemiBold.ttf in Resources */,
				7B690DAD87804E8FBBF4CBCB /* NotoSans-SemiBoldItalic.ttf in Resources */,
				17EE44E82E4A4F04ACD7B070 /* NotoSans-Thin.ttf in Resources */,
				3DAFB3716C5B4C3D9D99B17A /* NotoSans-ThinItalic.ttf in Resources */,
				517C0F89147242A0AED447B3 /* Rajdhani-Bold.ttf in Resources */,
				7DF9FFBA4C104513B4B9E8CC /* Rajdhani-Light.ttf in Resources */,
				8BFF3D846A4B4D758314E854 /* Rajdhani-Medium.ttf in Resources */,
				130E756A3BEF4237A6F9A42B /* Rajdhani-Regular.ttf in Resources */,
				B2195548BCEF4234A35A5DA1 /* Rajdhani-SemiBold.ttf in Resources */,
			);
			runOnlyForDeploymentPostprocessing = 0;
		};
/* End PBXResourcesBuildPhase section */

/* Begin PBXShellScriptBuildPhase section */
		00DD1BFF1BD5951E006B06BC /* Bundle React Native code and images */ = {
			isa = PBXShellScriptBuildPhase;
			buildActionMask = 2147483647;
			files = (
			);
			inputPaths = (
				"$(SRCROOT)/.xcode.env.local",
				"$(SRCROOT)/.xcode.env",
			);
			name = "Bundle React Native code and images";
			outputPaths = (
			);
			runOnlyForDeploymentPostprocessing = 0;
			shellPath = /bin/sh;
			shellScript = "set -e\n\nWITH_ENVIRONMENT=\"../node_modules/react-native/scripts/xcode/with-environment.sh\"\nREACT_NATIVE_XCODE=\"../node_modules/react-native/scripts/react-native-xcode.sh\"\n\n/bin/sh -c \"$WITH_ENVIRONMENT $REACT_NATIVE_XCODE\"\n";
		};
		2F0411D0CB05EB3FA215D21D /* [CP] Embed Pods Frameworks */ = {
			isa = PBXShellScriptBuildPhase;
			buildActionMask = 2147483647;
			files = (
			);
			inputFileListPaths = (
				"${PODS_ROOT}/Target Support Files/Pods-Zanyengo-ZanyengoTests/Pods-Zanyengo-ZanyengoTests-frameworks-${CONFIGURATION}-input-files.xcfilelist",
			);
			name = "[CP] Embed Pods Frameworks";
			outputFileListPaths = (
				"${PODS_ROOT}/Target Support Files/Pods-Zanyengo-ZanyengoTests/Pods-Zanyengo-ZanyengoTests-frameworks-${CONFIGURATION}-output-files.xcfilelist",
			);
			runOnlyForDeploymentPostprocessing = 0;
			shellPath = /bin/sh;
			shellScript = "\"${PODS_ROOT}/Target Support Files/Pods-Zanyengo-ZanyengoTests/Pods-Zanyengo-ZanyengoTests-frameworks.sh\"\n";
			showEnvVarsInLog = 0;
		};
		489E0CFEAB963E5A26BFBAD2 /* [CP] Embed Pods Frameworks */ = {
			isa = PBXShellScriptBuildPhase;
			buildActionMask = 2147483647;
			files = (
			);
			inputFileListPaths = (
				"${PODS_ROOT}/Target Support Files/Pods-Zanyengo/Pods-Zanyengo-frameworks-${CONFIGURATION}-input-files.xcfilelist",
			);
			name = "[CP] Embed Pods Frameworks";
			outputFileListPaths = (
				"${PODS_ROOT}/Target Support Files/Pods-Zanyengo/Pods-Zanyengo-frameworks-${CONFIGURATION}-output-files.xcfilelist",
			);
			runOnlyForDeploymentPostprocessing = 0;
			shellPath = /bin/sh;
			shellScript = "\"${PODS_ROOT}/Target Support Files/Pods-Zanyengo/Pods-Zanyengo-frameworks.sh\"\n";
			showEnvVarsInLog = 0;
		};
		4FEED309661F818F7C53D41C /* [CP] Check Pods Manifest.lock */ = {
			isa = PBXShellScriptBuildPhase;
			buildActionMask = 2147483647;
			files = (
			);
			inputFileListPaths = (
			);
			inputPaths = (
				"${PODS_PODFILE_DIR_PATH}/Podfile.lock",
				"${PODS_ROOT}/Manifest.lock",
			);
			name = "[CP] Check Pods Manifest.lock";
			outputFileListPaths = (
			);
			outputPaths = (
				"$(DERIVED_FILE_DIR)/Pods-Zanyengo-checkManifestLockResult.txt",
			);
			runOnlyForDeploymentPostprocessing = 0;
			shellPath = /bin/sh;
			shellScript = "diff \"${PODS_PODFILE_DIR_PATH}/Podfile.lock\" \"${PODS_ROOT}/Manifest.lock\" > /dev/null\nif [ $? != 0 ] ; then\n    # print error to STDERR\n    echo \"error: The sandbox is not in sync with the Podfile.lock. Run 'pod install' or update your CocoaPods installation.\" >&2\n    exit 1\nfi\n# This output is used by Xcode 'outputs' to avoid re-running this script phase.\necho \"SUCCESS\" > \"${SCRIPT_OUTPUT_FILE_0}\"\n";
			showEnvVarsInLog = 0;
		};
		76CA42B44A2A106779E94597 /* [CP] Check Pods Manifest.lock */ = {
			isa = PBXShellScriptBuildPhase;
			buildActionMask = 2147483647;
			files = (
			);
			inputFileListPaths = (
			);
			inputPaths = (
				"${PODS_PODFILE_DIR_PATH}/Podfile.lock",
				"${PODS_ROOT}/Manifest.lock",
			);
			name = "[CP] Check Pods Manifest.lock";
			outputFileListPaths = (
			);
			outputPaths = (
				"$(DERIVED_FILE_DIR)/Pods-Zanyengo-ZanyengoTests-checkManifestLockResult.txt",
			);
			runOnlyForDeploymentPostprocessing = 0;
			shellPath = /bin/sh;
			shellScript = "diff \"${PODS_PODFILE_DIR_PATH}/Podfile.lock\" \"${PODS_ROOT}/Manifest.lock\" > /dev/null\nif [ $? != 0 ] ; then\n    # print error to STDERR\n    echo \"error: The sandbox is not in sync with the Podfile.lock. Run 'pod install' or update your CocoaPods installation.\" >&2\n    exit 1\nfi\n# This output is used by Xcode 'outputs' to avoid re-running this script phase.\necho \"SUCCESS\" > \"${SCRIPT_OUTPUT_FILE_0}\"\n";
			showEnvVarsInLog = 0;
		};
		CC624A2DB6AF81377480A85A /* [CP] Copy Pods Resources */ = {
			isa = PBXShellScriptBuildPhase;
			buildActionMask = 2147483647;
			files = (
			);
			inputFileListPaths = (
				"${PODS_ROOT}/Target Support Files/Pods-Zanyengo-ZanyengoTests/Pods-Zanyengo-ZanyengoTests-resources-${CONFIGURATION}-input-files.xcfilelist",
			);
			name = "[CP] Copy Pods Resources";
			outputFileListPaths = (
				"${PODS_ROOT}/Target Support Files/Pods-Zanyengo-ZanyengoTests/Pods-Zanyengo-ZanyengoTests-resources-${CONFIGURATION}-output-files.xcfilelist",
			);
			runOnlyForDeploymentPostprocessing = 0;
			shellPath = /bin/sh;
			shellScript = "\"${PODS_ROOT}/Target Support Files/Pods-Zanyengo-ZanyengoTests/Pods-Zanyengo-ZanyengoTests-resources.sh\"\n";
			showEnvVarsInLog = 0;
		};
		EB5098798022298B237C8D3A /* [CP] Copy Pods Resources */ = {
			isa = PBXShellScriptBuildPhase;
			buildActionMask = 2147483647;
			files = (
			);
			inputFileListPaths = (
				"${PODS_ROOT}/Target Support Files/Pods-Zanyengo/Pods-Zanyengo-resources-${CONFIGURATION}-input-files.xcfilelist",
			);
			name = "[CP] Copy Pods Resources";
			outputFileListPaths = (
				"${PODS_ROOT}/Target Support Files/Pods-Zanyengo/Pods-Zanyengo-resources-${CONFIGURATION}-output-files.xcfilelist",
			);
			runOnlyForDeploymentPostprocessing = 0;
			shellPath = /bin/sh;
			shellScript = "\"${PODS_ROOT}/Target Support Files/Pods-Zanyengo/Pods-Zanyengo-resources.sh\"\n";
			showEnvVarsInLog = 0;
		};
		FD10A7F022414F080027D42C /* Start Packager */ = {
			isa = PBXShellScriptBuildPhase;
			buildActionMask = 2147483647;
			files = (
			);
			inputFileListPaths = (
			);
			inputPaths = (
			);
			name = "Start Packager";
			outputFileListPaths = (
			);
			outputPaths = (
			);
			runOnlyForDeploymentPostprocessing = 0;
			shellPath = /bin/sh;
			shellScript = "export RCT_METRO_PORT=\"${RCT_METRO_PORT:=8081}\"\necho \"export RCT_METRO_PORT=${RCT_METRO_PORT}\" > \"${SRCROOT}/../node_modules/react-native/scripts/.packager.env\"\nif [ -z \"${RCT_NO_LAUNCH_PACKAGER+xxx}\" ] ; then\n  if nc -w 5 -z localhost ${RCT_METRO_PORT} ; then\n    if ! curl -s \"http://localhost:${RCT_METRO_PORT}/status\" | grep -q \"packager-status:running\" ; then\n      echo \"Port ${RCT_METRO_PORT} already in use, packager is either not running or not running correctly\"\n      exit 2\n    fi\n  else\n    open \"$SRCROOT/../node_modules/react-native/scripts/launchPackager.command\" || echo \"Can't start packager automatically\"\n  fi\nfi\n";
			showEnvVarsInLog = 0;
		};
/* End PBXShellScriptBuildPhase section */

/* Begin PBXSourcesBuildPhase section */
		00E356EA1AD99517003FC87E /* Sources */ = {
			isa = PBXSourcesBuildPhase;
			buildActionMask = 2147483647;
			files = (
				00E356F31AD99517003FC87E /* ZanyengoTests.m in Sources */,
				E6195E8A2E9DFDC6A517AA1D /* ExpoModulesProvider.swift in Sources */,
			);
			runOnlyForDeploymentPostprocessing = 0;
		};
		13B07F871A680F5B00A75B9A /* Sources */ = {
			isa = PBXSourcesBuildPhase;
			buildActionMask = 2147483647;
			files = (
				4995BCBD2BE90FD90079F8E1 /* RNBackgroundFetch+AppDelegate.m in Sources */,
				13B07FBC1A68108700A75B9A /* AppDelegate.mm in Sources */,
				13B07FC11A68108700A75B9A /* main.m in Sources */,
			);
			runOnlyForDeploymentPostprocessing = 0;
		};
/* End PBXSourcesBuildPhase section */

/* Begin PBXTargetDependency section */
		00E356F51AD99517003FC87E /* PBXTargetDependency */ = {
			isa = PBXTargetDependency;
			target = 13B07F861A680F5B00A75B9A /* Zanyengo */;
			targetProxy = 00E356F41AD99517003FC87E /* PBXContainerItemProxy */;
		};
/* End PBXTargetDependency section */

/* Begin XCBuildConfiguration section */
		00E356F61AD99517003FC87E /* Debug */ = {
			isa = XCBuildConfiguration;
			baseConfigurationReference = A51F4E392835F087AA8E2872 /* Pods-Zanyengo-ZanyengoTests.debug.xcconfig */;
			buildSettings = {
				ALWAYS_EMBED_SWIFT_STANDARD_LIBRARIES = YES;
				GCC_PREPROCESSOR_DEFINITIONS = (
					"DEBUG=1",
					"$(inherited)",
				);
				INFOPLIST_FILE = ZanyengoTests/Info.plist;
				IPHONEOS_DEPLOYMENT_TARGET = 13.0;
				LD_RUNPATH_SEARCH_PATHS = (
					"$(inherited)",
					"@executable_path/Frameworks",
					"@loader_path/Frameworks",
				);
				OTHER_LDFLAGS = (
					"-ObjC",
					"-lc++",
					"$(inherited)",
				);
				OTHER_SWIFT_FLAGS = "$(inherited) -D EXPO_CONFIGURATION_DEBUG";
				PRODUCT_BUNDLE_IDENTIFIER = "org.reactjs.native.example.$(PRODUCT_NAME:rfc1034identifier)";
				PRODUCT_NAME = "$(TARGET_NAME)";
				TEST_HOST = "$(BUILT_PRODUCTS_DIR)/Zanyengo.app/$(BUNDLE_EXECUTABLE_FOLDER_PATH)/Zanyengo";
			};
			name = Debug;
		};
		00E356F71AD99517003FC87E /* Release */ = {
			isa = XCBuildConfiguration;
			baseConfigurationReference = 29A3004665846D9569173CDE /* Pods-Zanyengo-ZanyengoTests.release.xcconfig */;
			buildSettings = {
				ALWAYS_EMBED_SWIFT_STANDARD_LIBRARIES = YES;
				COPY_PHASE_STRIP = NO;
				INFOPLIST_FILE = ZanyengoTests/Info.plist;
				IPHONEOS_DEPLOYMENT_TARGET = 13.0;
				LD_RUNPATH_SEARCH_PATHS = (
					"$(inherited)",
					"@executable_path/Frameworks",
					"@loader_path/Frameworks",
				);
				OTHER_LDFLAGS = (
					"-ObjC",
					"-lc++",
					"$(inherited)",
				);
				OTHER_SWIFT_FLAGS = "$(inherited) -D EXPO_CONFIGURATION_RELEASE";
				PRODUCT_BUNDLE_IDENTIFIER = "org.reactjs.native.example.$(PRODUCT_NAME:rfc1034identifier)";
				PRODUCT_NAME = "$(TARGET_NAME)";
				TEST_HOST = "$(BUILT_PRODUCTS_DIR)/Zanyengo.app/$(BUNDLE_EXECUTABLE_FOLDER_PATH)/Zanyengo";
			};
			name = Release;
		};
		13B07F941A680F5B00A75B9A /* Debug */ = {
			isa = XCBuildConfiguration;
			baseConfigurationReference = AE29722ABB6256D94DFD7AEB /* Pods-Zanyengo.debug.xcconfig */;
			buildSettings = {
				ASSETCATALOG_COMPILER_APPICON_NAME = AppIcon;
				CLANG_ENABLE_MODULES = YES;
				CURRENT_PROJECT_VERSION = 1;
				DEVELOPMENT_TEAM = CBKM3CQ92T;
				ENABLE_BITCODE = NO;
				INFOPLIST_FILE = Zanyengo/Info.plist;
				INFOPLIST_KEY_CFBundleDisplayName = Zanyengo;
				LD_RUNPATH_SEARCH_PATHS = (
					"$(inherited)",
					"@executable_path/Frameworks",
				);
				MARKETING_VERSION = 1.0;
				OTHER_LDFLAGS = (
					"$(inherited)",
					"-ObjC",
					"-lc++",
				);
				OTHER_SWIFT_FLAGS = "$(inherited) -D EXPO_CONFIGURATION_DEBUG";
				PRODUCT_BUNDLE_IDENTIFIER = org.dccms.Zanyengo;
				PRODUCT_NAME = Zanyengo;
				SWIFT_OPTIMIZATION_LEVEL = "-Onone";
				SWIFT_VERSION = 5.0;
				VERSIONING_SYSTEM = "apple-generic";
			};
			name = Debug;
		};
		13B07F951A680F5B00A75B9A /* Release */ = {
			isa = XCBuildConfiguration;
			baseConfigurationReference = 7155148C2A36EE3A7D07C360 /* Pods-Zanyengo.release.xcconfig */;
			buildSettings = {
				ASSETCATALOG_COMPILER_APPICON_NAME = AppIcon;
				CLANG_ENABLE_MODULES = YES;
				CURRENT_PROJECT_VERSION = 1;
				DEVELOPMENT_TEAM = CBKM3CQ92T;
				INFOPLIST_FILE = Zanyengo/Info.plist;
				INFOPLIST_KEY_CFBundleDisplayName = Zanyengo;
				LD_RUNPATH_SEARCH_PATHS = (
					"$(inherited)",
					"@executable_path/Frameworks",
				);
				MARKETING_VERSION = 1.0;
				OTHER_LDFLAGS = (
					"$(inherited)",
					"-ObjC",
					"-lc++",
				);
				OTHER_SWIFT_FLAGS = "$(inherited) -D EXPO_CONFIGURATION_RELEASE";
				PRODUCT_BUNDLE_IDENTIFIER = org.dccms.Zanyengo;
				PRODUCT_NAME = Zanyengo;
				SWIFT_VERSION = 5.0;
				VERSIONING_SYSTEM = "apple-generic";
			};
			name = Release;
		};
		83CBBA201A601CBA00E9B192 /* Debug */ = {
			isa = XCBuildConfiguration;
			buildSettings = {
				ALWAYS_SEARCH_USER_PATHS = NO;
				CLANG_ANALYZER_LOCALIZABILITY_NONLOCALIZED = YES;
				CLANG_CXX_LANGUAGE_STANDARD = "c++17";
				CLANG_CXX_LIBRARY = "libc++";
				CLANG_ENABLE_MODULES = YES;
				CLANG_ENABLE_OBJC_ARC = YES;
				CLANG_WARN_BLOCK_CAPTURE_AUTORELEASING = YES;
				CLANG_WARN_BOOL_CONVERSION = YES;
				CLANG_WARN_COMMA = YES;
				CLANG_WARN_CONSTANT_CONVERSION = YES;
				CLANG_WARN_DEPRECATED_OBJC_IMPLEMENTATIONS = YES;
				CLANG_WARN_DIRECT_OBJC_ISA_USAGE = YES_ERROR;
				CLANG_WARN_EMPTY_BODY = YES;
				CLANG_WARN_ENUM_CONVERSION = YES;
				CLANG_WARN_INFINITE_RECURSION = YES;
				CLANG_WARN_INT_CONVERSION = YES;
				CLANG_WARN_NON_LITERAL_NULL_CONVERSION = YES;
				CLANG_WARN_OBJC_IMPLICIT_RETAIN_SELF = YES;
				CLANG_WARN_OBJC_LITERAL_CONVERSION = YES;
				CLANG_WARN_OBJC_ROOT_CLASS = YES_ERROR;
				CLANG_WARN_QUOTED_INCLUDE_IN_FRAMEWORK_HEADER = YES;
				CLANG_WARN_RANGE_LOOP_ANALYSIS = YES;
				CLANG_WARN_STRICT_PROTOTYPES = YES;
				CLANG_WARN_SUSPICIOUS_MOVE = YES;
				CLANG_WARN_UNREACHABLE_CODE = YES;
				CLANG_WARN__DUPLICATE_METHOD_MATCH = YES;
				"CODE_SIGN_IDENTITY[sdk=iphoneos*]" = "iPhone Developer";
				COPY_PHASE_STRIP = NO;
				ENABLE_STRICT_OBJC_MSGSEND = YES;
				ENABLE_TESTABILITY = YES;
				ENABLE_USER_SCRIPT_SANDBOXING = NO;
				"EXCLUDED_ARCHS[sdk=iphonesimulator*]" = i386;
				GCC_C_LANGUAGE_STANDARD = gnu99;
				GCC_DYNAMIC_NO_PIC = NO;
				GCC_NO_COMMON_BLOCKS = YES;
				GCC_OPTIMIZATION_LEVEL = 0;
				GCC_PREPROCESSOR_DEFINITIONS = (
					"DEBUG=1",
					"$(inherited)",
					_LIBCPP_ENABLE_CXX17_REMOVED_UNARY_BINARY_FUNCTION,
				);
				GCC_SYMBOLS_PRIVATE_EXTERN = NO;
				GCC_WARN_64_TO_32_BIT_CONVERSION = YES;
				GCC_WARN_ABOUT_RETURN_TYPE = YES_ERROR;
				GCC_WARN_UNDECLARED_SELECTOR = YES;
				GCC_WARN_UNINITIALIZED_AUTOS = YES_AGGRESSIVE;
				GCC_WARN_UNUSED_FUNCTION = YES;
				GCC_WARN_UNUSED_VARIABLE = YES;
				INFOPLIST_KEY_NSLocationAlwaysAndWhenInUseUsageDescription = "";
				INFOPLIST_KEY_NSLocationAlwaysUsageDescription = "";
				INFOPLIST_KEY_NSLocationTemporaryUsageDescriptionDictionary = "";
				INFOPLIST_KEY_NSLocationUsageDescription = "";
				INFOPLIST_KEY_NSLocationWhenInUseUsageDescription = "";
				IPHONEOS_DEPLOYMENT_TARGET = 13.0;
				LD_RUNPATH_SEARCH_PATHS = (
					/usr/lib/swift,
					"$(inherited)",
				);
				LIBRARY_SEARCH_PATHS = (
					"\"$(SDKROOT)/usr/lib/swift\"",
					"\"$(TOOLCHAIN_DIR)/usr/lib/swift/$(PLATFORM_NAME)\"",
					"\"$(inherited)\"",
				);
				MTL_ENABLE_DEBUG_INFO = YES;
				ONLY_ACTIVE_ARCH = YES;
				OTHER_CFLAGS = "$(inherited)";
				OTHER_CPLUSPLUSFLAGS = (
					"$(OTHER_CFLAGS)",
					"-DFOLLY_NO_CONFIG",
					"-DFOLLY_MOBILE=1",
					"-DFOLLY_USE_LIBCPP=1",
				);
				OTHER_LDFLAGS = "$(inherited)";
				REACT_NATIVE_PATH = "${PODS_ROOT}/../../node_modules/react-native";
				SDKROOT = iphoneos;
			};
			name = Debug;
		};
		83CBBA211A601CBA00E9B192 /* Release */ = {
			isa = XCBuildConfiguration;
			buildSettings = {
				ALWAYS_SEARCH_USER_PATHS = NO;
				CLANG_ANALYZER_LOCALIZABILITY_NONLOCALIZED = YES;
				CLANG_CXX_LANGUAGE_STANDARD = "c++17";
				CLANG_CXX_LIBRARY = "libc++";
				CLANG_ENABLE_MODULES = YES;
				CLANG_ENABLE_OBJC_ARC = YES;
				CLANG_WARN_BLOCK_CAPTURE_AUTORELEASING = YES;
				CLANG_WARN_BOOL_CONVERSION = YES;
				CLANG_WARN_COMMA = YES;
				CLANG_WARN_CONSTANT_CONVERSION = YES;
				CLANG_WARN_DEPRECATED_OBJC_IMPLEMENTATIONS = YES;
				CLANG_WARN_DIRECT_OBJC_ISA_USAGE = YES_ERROR;
				CLANG_WARN_EMPTY_BODY = YES;
				CLANG_WARN_ENUM_CONVERSION = YES;
				CLANG_WARN_INFINITE_RECURSION = YES;
				CLANG_WARN_INT_CONVERSION = YES;
				CLANG_WARN_NON_LITERAL_NULL_CONVERSION = YES;
				CLANG_WARN_OBJC_IMPLICIT_RETAIN_SELF = YES;
				CLANG_WARN_OBJC_LITERAL_CONVERSION = YES;
				CLANG_WARN_OBJC_ROOT_CLASS = YES_ERROR;
				CLANG_WARN_QUOTED_INCLUDE_IN_FRAMEWORK_HEADER = YES;
				CLANG_WARN_RANGE_LOOP_ANALYSIS = YES;
				CLANG_WARN_STRICT_PROTOTYPES = YES;
				CLANG_WARN_SUSPICIOUS_MOVE = YES;
				CLANG_WARN_UNREACHABLE_CODE = YES;
				CLANG_WARN__DUPLICATE_METHOD_MATCH = YES;
				"CODE_SIGN_IDENTITY[sdk=iphoneos*]" = "iPhone Developer";
				COPY_PHASE_STRIP = YES;
				ENABLE_NS_ASSERTIONS = NO;
				ENABLE_STRICT_OBJC_MSGSEND = YES;
				ENABLE_USER_SCRIPT_SANDBOXING = NO;
				"EXCLUDED_ARCHS[sdk=iphonesimulator*]" = i386;
				GCC_C_LANGUAGE_STANDARD = gnu99;
				GCC_NO_COMMON_BLOCKS = YES;
				GCC_PREPROCESSOR_DEFINITIONS = (
					"$(inherited)",
					_LIBCPP_ENABLE_CXX17_REMOVED_UNARY_BINARY_FUNCTION,
				);
				GCC_WARN_64_TO_32_BIT_CONVERSION = YES;
				GCC_WARN_ABOUT_RETURN_TYPE = YES_ERROR;
				GCC_WARN_UNDECLARED_SELECTOR = YES;
				GCC_WARN_UNINITIALIZED_AUTOS = YES_AGGRESSIVE;
				GCC_WARN_UNUSED_FUNCTION = YES;
				GCC_WARN_UNUSED_VARIABLE = YES;
				INFOPLIST_KEY_NSLocationAlwaysAndWhenInUseUsageDescription = "";
				INFOPLIST_KEY_NSLocationAlwaysUsageDescription = "";
				INFOPLIST_KEY_NSLocationTemporaryUsageDescriptionDictionary = "";
				INFOPLIST_KEY_NSLocationUsageDescription = "";
				INFOPLIST_KEY_NSLocationWhenInUseUsageDescription = "";
				IPHONEOS_DEPLOYMENT_TARGET = 13.0;
				LD_RUNPATH_SEARCH_PATHS = (
					/usr/lib/swift,
					"$(inherited)",
				);
				LIBRARY_SEARCH_PATHS = (
					"\"$(SDKROOT)/usr/lib/swift\"",
					"\"$(TOOLCHAIN_DIR)/usr/lib/swift/$(PLATFORM_NAME)\"",
					"\"$(inherited)\"",
				);
				MTL_ENABLE_DEBUG_INFO = NO;
				OTHER_CFLAGS = "$(inherited)";
				OTHER_CPLUSPLUSFLAGS = (
					"$(OTHER_CFLAGS)",
					"-DFOLLY_NO_CONFIG",
					"-DFOLLY_MOBILE=1",
					"-DFOLLY_USE_LIBCPP=1",
				);
				OTHER_LDFLAGS = "$(inherited)";
				REACT_NATIVE_PATH = "${PODS_ROOT}/../../node_modules/react-native";
				SDKROOT = iphoneos;
				SWIFT_COMPILATION_MODE = wholemodule;
				VALIDATE_PRODUCT = YES;
			};
			name = Release;
		};
/* End XCBuildConfiguration section */

/* Begin XCConfigurationList section */
		00E357021AD99517003FC87E /* Build configuration list for PBXNativeTarget "ZanyengoTests" */ = {
			isa = XCConfigurationList;
			buildConfigurations = (
				00E356F61AD99517003FC87E /* Debug */,
				00E356F71AD99517003FC87E /* Release */,
			);
			defaultConfigurationIsVisible = 0;
			defaultConfigurationName = Release;
		};
		13B07F931A680F5B00A75B9A /* Build configuration list for PBXNativeTarget "Zanyengo" */ = {
			isa = XCConfigurationList;
			buildConfigurations = (
				13B07F941A680F5B00A75B9A /* Debug */,
				13B07F951A680F5B00A75B9A /* Release */,
			);
			defaultConfigurationIsVisible = 0;
			defaultConfigurationName = Release;
		};
		83CBB9FA1A601CBA00E9B192 /* Build configuration list for PBXProject "Zanyengo" */ = {
			isa = XCConfigurationList;
			buildConfigurations = (
				83CBBA201A601CBA00E9B192 /* Debug */,
				83CBBA211A601CBA00E9B192 /* Release */,
			);
			defaultConfigurationIsVisible = 0;
			defaultConfigurationName = Release;
		};
/* End XCConfigurationList section */
	};
	rootObject = 83CBB9F71A601CBA00E9B192 /* Project object */;
}
